<?xml version="1.0" encoding="utf-8"?>
<Project ToolsVersion="17.0" xmlns="http://schemas.microsoft.com/developer/msbuild/2003">
  <ItemGroup>
    <ClCompile Include="C:\src\OpenGL\NeHe_Lesson08-master\src\Lesson08.c">
      <Filter>Source Files</Filter>
    </ClCompile>
  </ItemGroup>
  <ItemGroup>
    <CustomBuild Include="C:\src\OpenGL\NeHe_Lesson08-master\CMAKELists.txt" />
  </ItemGroup>
  <ItemGroup>
    <ResourceCompile Include="C:\src\OpenGL\NeHe_Lesson08-master\src\Lesson08.rc">
      <Filter>Source Files</Filter>
    </ResourceCompile>
  </ItemGroup>
  <ItemGroup>
    <Filter Include="Source Files">
      <UniqueIdentifier>{A5098B34-E87F-35E4-9C9D-7ED91AE9A650}</UniqueIdentifier>
    </Filter>
  </ItemGroup>
</Project>
